
Microsoft Visual Studio Solution File, Format Version 12.00
# Visual Studio Version 17
VisualStudioVersion = 17.10.35122.118
MinimumVisualStudioVersion = 10.0.40219.1
Project("{8BC9CEB8-8B4A-11D0-8D11-00A0C91BC942}") = "Task 07", "Task7.vcxproj", "{23B038B1-3C1E-302B-BCF2-9B40539E5895}"
EndProject
Global
	GlobalSection(SolutionConfigurationPlatforms) = preSolution
		Debug|x64 = Debug|x64
		MinSizeRel|x64 = MinSizeRel|x64
		Release|x64 = Release|x64
		RelWithDebInfo|x64 = RelWithDebInfo|x64
	EndGlobalSection
	GlobalSection(ProjectConfigurationPlatforms) = postSolution
		{23B038B1-3C1E-302B-BCF2-9B40539E5895}.Debug|x64.ActiveCfg = Debug|x64
		{23B038B1-3C1E-302B-BCF2-9B40539E5895}.Debug|x64.Build.0 = Debug|x64
		{23B038B1-3C1E-302B-BCF2-9B40539E5895}.MinSizeRel|x64.ActiveCfg = MinSizeRel|x64
		{23B038B1-3C1E-302B-BCF2-9B40539E5895}.MinSizeRel|x64.Build.0 = MinSizeRel|x64
		{23B038B1-3C1E-302B-BCF2-9B40539E5895}.Release|x64.ActiveCfg = Release|x64
		{23B038B1-3C1E-302B-BCF2-9B40539E5895}.Release|x64.Build.0 = Release|x64
		{23B038B1-3C1E-302B-BCF2-9B40539E5895}.RelWithDebInfo|x64.ActiveCfg = RelWithDebInfo|x64
		{23B038B1-3C1E-302B-BCF2-9B40539E5895}.RelWithDebInfo|x64.Build.0 = RelWithDebInfo|x64
	EndGlobalSection
	GlobalSection(SolutionProperties) = preSolution
		HideSolutionNode = FALSE
	EndGlobalSection
	GlobalSection(ExtensibilityGlobals) = postSolution
		SolutionGuid = {711EB399-6D02-426E-9E7D-2A95FC1035B1}
	EndGlobalSection
EndGlobal
